{
  "originHash" : "cf3cffa039a189db5742fba983484aff6e517ce4f354a69b6b3b5e6a3f8ce6ec",
  "pins" : [
    {
      "identity" : "confettiswiftui",
      "kind" : "remoteSourceControl",
      "location" : "https://github.com/simibac/ConfettiSwiftUI.git",
      "state" : {
        "revision" : "77ce21c82cc5fa608ac921a0dea09dd85b5432c7",
        "version" : "2.0.2"
      }
    },
    {
      "identity" : "purchases-ios",
      "kind" : "remoteSourceControl",
      "location" : "https://github.com/RevenueCat/purchases-ios.git",
      "state" : {
        "revision" : "c756269d79aa0f34e56d4a7f12f4dcc8c9381d47",
        "version" : "5.20.3"
      }
    }
  ],
  "version" : 3
}
